Microsoft Visual Studio Solution File, Format Version 12.00
# Visual Studio Version 17
VisualStudioVersion = 17.5.2.0
MinimumVisualStudioVersion = 10.0.40219.1
Project("{FAE04EC0-301F-11D3-BF4B-00C04F79EFBC}") = "TCAMPlugin", "TCAMPlugin.csproj", "{C9970F2A-A9F3-7A7B-1245-F5E833307BD8}"
EndProject
Global
	GlobalSection(SolutionConfigurationPlatforms) = preSolution
		Debug|Any CPU = Debug|Any CPU
		Release|Any CPU = Release|Any CPU
	EndGlobalSection
	GlobalSection(ProjectConfigurationPlatforms) = postSolution
		{C9970F2A-A9F3-7A7B-1245-F5E833307BD8}.Debug|Any CPU.ActiveCfg = Debug|Any CPU
		{C9970F2A-A9F3-7A7B-1245-F5E833307BD8}.Debug|Any CPU.Build.0 = Debug|Any CPU
		{C9970F2A-A9F3-7A7B-1245-F5E833307BD8}.Release|Any CPU.ActiveCfg = Release|Any CPU
		{C9970F2A-A9F3-7A7B-1245-F5E833307BD8}.Release|Any CPU.Build.0 = Release|Any CPU
	EndGlobalSection
	GlobalSection(SolutionProperties) = preSolution
		HideSolutionNode = FALSE
	EndGlobalSection
	GlobalSection(ExtensibilityGlobals) = postSolution
		SolutionGuid = {33BF6D01-611A-494A-9085-2B4AE56C7EBD}
	EndGlobalSection
EndGlobal
